<?xml version="1.0" encoding="UTF-8"?>
<Scheme
   version = "1.3">
   <BuildAction>
      <BuildActionEntries>
         <BuildActionEntry
            buildForRunning = "YES">
            <BuildableReference
               BuildableIdentifier = "primary"
               BlueprintIdentifier = "3DAE9519C58FC1E0CADBA08C"
               BuildableName = "WebViewFrameWorkiOS.app"
               BlueprintName = "WebViewFrameWorkiOS"
               ReferencedContainer = "container:WebViewFrameWorkiOS.xcodeproj">
            </BuildableReference>
         </BuildActionEntry>
      </BuildActionEntries>
   </BuildAction>
   <LaunchAction
      useCustomWorkingDirectory = "NO"
      buildConfiguration = "Debug">
      <BuildableProductRunnable>
         <BuildableReference
            BuildableIdentifier = "primary"
            BlueprintIdentifier = "3DAE9519C58FC1E0CADBA08C"
            BuildableName = "WebViewFrameWorkiOS.app"
            BlueprintName = "WebViewFrameWorkiOS"
            ReferencedContainer = "container:WebViewFrameWorkiOS.xcodeproj">
         </BuildableReference>
      </BuildableProductRunnable>
   </LaunchAction>
</Scheme>
